// !$*UTF8*$!
{
	archiveVersion = 1;
	classes = {
	};
	objectVersion = 55;
	objects = {

/* Begin PBXBuildFile section */
		5B19244D282441520075A556 /* GoogleService-Info.plist in Resources */ = {isa = PBXBuildFile; fileRef = 5B19244C282441510075A556 /* GoogleService-Info.plist */; };
		5B19245028245CE10075A556 /* FirebaseAnalytics in Frameworks */ = {isa = PBXBuildFile; productRef = 5B19244F28245CE10075A556 /* FirebaseAnalytics */; };
		5B19245228245CE10075A556 /* FirebaseAnalyticsOnDeviceConversion in Frameworks */ = {isa = PBXBuildFile; productRef = 5B19245128245CE10075A556 /* FirebaseAnalyticsOnDeviceConversion */; };
		5B19245428245CE10075A556 /* FirebaseAnalyticsSwift in Frameworks */ = {isa = PBXBuildFile; productRef = 5B19245328245CE10075A556 /* FirebaseAnalyticsSwift */; };
		5B19245628245CE10075A556 /* FirebaseAnalyticsWithoutAdIdSupport in Frameworks */ = {isa = PBXBuildFile; productRef = 5B19245528245CE10075A556 /* FirebaseAnalyticsWithoutAdIdSupport */; };
		5B19245828245CE10075A556 /* FirebaseAppCheck in Frameworks */ = {isa = PBXBuildFile; productRef = 5B19245728245CE10075A556 /* FirebaseAppCheck */; };
		5B19245A28245CE10075A556 /* FirebaseAppDistribution-Beta in Frameworks */ = {isa = PBXBuildFile; productRef = 5B19245928245CE10075A556 /* FirebaseAppDistribution-Beta */; };
		5B19245C28245CE10075A556 /* FirebaseAuth in Frameworks */ = {isa = PBXBuildFile; productRef = 5B19245B28245CE10075A556 /* FirebaseAuth */; };
		5B19245E28245CE10075A556 /* FirebaseAuthCombine-Community in Frameworks */ = {isa = PBXBuildFile; productRef = 5B19245D28245CE10075A556 /* FirebaseAuthCombine-Community */; };
		5B19246028245CE10075A556 /* FirebaseCrashlytics in Frameworks */ = {isa = PBXBuildFile; productRef = 5B19245F28245CE10075A556 /* FirebaseCrashlytics */; };
		5B19246228245CE10075A556 /* FirebaseDatabase in Frameworks */ = {isa = PBXBuildFile; productRef = 5B19246128245CE10075A556 /* FirebaseDatabase */; };
		5B19246428245CE10075A556 /* FirebaseDatabaseSwift in Frameworks */ = {isa = PBXBuildFile; productRef = 5B19246328245CE10075A556 /* FirebaseDatabaseSwift */; };
		5B19246628245CE10075A556 /* FirebaseDynamicLinks in Frameworks */ = {isa = PBXBuildFile; productRef = 5B19246528245CE10075A556 /* FirebaseDynamicLinks */; };
		5B19246828245CE10075A556 /* FirebaseFirestore in Frameworks */ = {isa = PBXBuildFile; productRef = 5B19246728245CE10075A556 /* FirebaseFirestore */; };
		5B19246A28245CE10075A556 /* FirebaseFirestoreCombine-Community in Frameworks */ = {isa = PBXBuildFile; productRef = 5B19246928245CE10075A556 /* FirebaseFirestoreCombine-Community */; };
		5B19246C28245CE10075A556 /* FirebaseFirestoreSwift in Frameworks */ = {isa = PBXBuildFile; productRef = 5B19246B28245CE10075A556 /* FirebaseFirestoreSwift */; };
		5B19246E28245CE10075A556 /* FirebaseFunctions in Frameworks */ = {isa = PBXBuildFile; productRef = 5B19246D28245CE10075A556 /* FirebaseFunctions */; };
		5B19247028245CE10075A556 /* FirebaseFunctionsCombine-Community in Frameworks */ = {isa = PBXBuildFile; productRef = 5B19246F28245CE10075A556 /* FirebaseFunctionsCombine-Community */; };
		5B19247228245CE10075A556 /* FirebaseInAppMessaging-Beta in Frameworks */ = {isa = PBXBuildFile; productRef = 5B19247128245CE10075A556 /* FirebaseInAppMessaging-Beta */; };
		5B19247428245CE10075A556 /* FirebaseInAppMessagingSwift-Beta in Frameworks */ = {isa = PBXBuildFile; productRef = 5B19247328245CE10075A556 /* FirebaseInAppMessagingSwift-Beta */; };
		5B19247628245CE10075A556 /* FirebaseInstallations in Frameworks */ = {isa = PBXBuildFile; productRef = 5B19247528245CE10075A556 /* FirebaseInstallations */; };
		5B19247828245CE10075A556 /* FirebaseMLModelDownloader in Frameworks */ = {isa = PBXBuildFile; productRef = 5B19247728245CE10075A556 /* FirebaseMLModelDownloader */; };
		5B19247A28245CE10075A556 /* FirebaseMessaging in Frameworks */ = {isa = PBXBuildFile; productRef = 5B19247928245CE10075A556 /* FirebaseMessaging */; };
		5B19247C28245CE10075A556 /* FirebasePerformance in Frameworks */ = {isa = PBXBuildFile; productRef = 5B19247B28245CE10075A556 /* FirebasePerformance */; };
		5B19247E28245CE10075A556 /* FirebaseRemoteConfig in Frameworks */ = {isa = PBXBuildFile; productRef = 5B19247D28245CE10075A556 /* FirebaseRemoteConfig */; };
		5B19248028245CE10075A556 /* FirebaseRemoteConfigSwift in Frameworks */ = {isa = PBXBuildFile; productRef = 5B19247F28245CE10075A556 /* FirebaseRemoteConfigSwift */; };
		5B19248228245CE10075A556 /* FirebaseStorage in Frameworks */ = {isa = PBXBuildFile; productRef = 5B19248128245CE10075A556 /* FirebaseStorage */; };
		5B19248428245CE10075A556 /* FirebaseStorageCombine-Community in Frameworks */ = {isa = PBXBuildFile; productRef = 5B19248328245CE10075A556 /* FirebaseStorageCombine-Community */; };
		5B192486282461650075A556 /* Inicio.swift in Sources */ = {isa = PBXBuildFile; fileRef = 5B192485282461640075A556 /* Inicio.swift */; };
		FD8391E5281A123C00842A5D /* Reto_estado_de_la_materiaApp.swift in Sources */ = {isa = PBXBuildFile; fileRef = FD8391E4281A123C00842A5D /* Reto_estado_de_la_materiaApp.swift */; };
		FD8391E7281A123C00842A5D /* ContentView.swift in Sources */ = {isa = PBXBuildFile; fileRef = FD8391E6281A123C00842A5D /* ContentView.swift */; };
		FD8391E9281A123E00842A5D /* Assets.xcassets in Resources */ = {isa = PBXBuildFile; fileRef = FD8391E8281A123E00842A5D /* Assets.xcassets */; };
		FD8391EC281A123E00842A5D /* Preview Assets.xcassets in Resources */ = {isa = PBXBuildFile; fileRef = FD8391EB281A123E00842A5D /* Preview Assets.xcassets */; };
		FD8391F3281A130D00842A5D /* Logica.swift in Sources */ = {isa = PBXBuildFile; fileRef = FD8391F2281A130D00842A5D /* Logica.swift */; };
/* End PBXBuildFile section */

/* Begin PBXFileReference section */
		5B19244C282441510075A556 /* GoogleService-Info.plist */ = {isa = PBXFileReference; fileEncoding = 4; lastKnownFileType = text.plist.xml; path = "GoogleService-Info.plist"; sourceTree = "<group>"; };
		5B192485282461640075A556 /* Inicio.swift */ = {isa = PBXFileReference; lastKnownFileType = sourcecode.swift; path = Inicio.swift; sourceTree = "<group>"; };
		FD8391E1281A123C00842A5D /* Reto estado de la materia.app */ = {isa = PBXFileReference; explicitFileType = wrapper.application; includeInIndex = 0; path = "Reto estado de la materia.app"; sourceTree = BUILT_PRODUCTS_DIR; };
		FD8391E4281A123C00842A5D /* Reto_estado_de_la_materiaApp.swift */ = {isa = PBXFileReference; lastKnownFileType = sourcecode.swift; path = Reto_estado_de_la_materiaApp.swift; sourceTree = "<group>"; };
		FD8391E6281A123C00842A5D /* ContentView.swift */ = {isa = PBXFileReference; lastKnownFileType = sourcecode.swift; path = ContentView.swift; sourceTree = "<group>"; };
		FD8391E8281A123E00842A5D /* Assets.xcassets */ = {isa = PBXFileReference; lastKnownFileType = folder.assetcatalog; path = Assets.xcassets; sourceTree = "<group>"; };
		FD8391EB281A123E00842A5D /* Preview Assets.xcassets */ = {isa = PBXFileReference; lastKnownFileType = folder.assetcatalog; path = "Preview Assets.xcassets"; sourceTree = "<group>"; };
		FD8391F2281A130D00842A5D /* Logica.swift */ = {isa = PBXFileReference; lastKnownFileType = sourcecode.swift; path = Logica.swift; sourceTree = "<group>"; };
/* End PBXFileReference section */

/* Begin PBXFrameworksBuildPhase section */
		FD8391DE281A123B00842A5D /* Frameworks */ = {
			isa = PBXFrameworksBuildPhase;
			buildActionMask = 2147483647;
			files = (
				5B19246228245CE10075A556 /* FirebaseDatabase in Frameworks */,
				5B19247028245CE10075A556 /* FirebaseFunctionsCombine-Community in Frameworks */,
				5B19246828245CE10075A556 /* FirebaseFirestore in Frameworks */,
				5B19245428245CE10075A556 /* FirebaseAnalyticsSwift in Frameworks */,
				5B19245028245CE10075A556 /* FirebaseAnalytics in Frameworks */,
				5B19245228245CE10075A556 /* FirebaseAnalyticsOnDeviceConversion in Frameworks */,
				5B19247828245CE10075A556 /* FirebaseMLModelDownloader in Frameworks */,
				5B19246C28245CE10075A556 /* FirebaseFirestoreSwift in Frameworks */,
				5B19245828245CE10075A556 /* FirebaseAppCheck in Frameworks */,
				5B19245628245CE10075A556 /* FirebaseAnalyticsWithoutAdIdSupport in Frameworks */,
				5B19245C28245CE10075A556 /* FirebaseAuth in Frameworks */,
				5B19246028245CE10075A556 /* FirebaseCrashlytics in Frameworks */,
				5B19248028245CE10075A556 /* FirebaseRemoteConfigSwift in Frameworks */,
				5B19247228245CE10075A556 /* FirebaseInAppMessaging-Beta in Frameworks */,
				5B19246428245CE10075A556 /* FirebaseDatabaseSwift in Frameworks */,
				5B19246E28245CE10075A556 /* FirebaseFunctions in Frameworks */,
				5B19248428245CE10075A556 /* FirebaseStorageCombine-Community in Frameworks */,
				5B19247E28245CE10075A556 /* FirebaseRemoteConfig in Frameworks */,
				5B19245A28245CE10075A556 /* FirebaseAppDistribution-Beta in Frameworks */,
				5B19245E28245CE10075A556 /* FirebaseAuthCombine-Community in Frameworks */,
				5B19247C28245CE10075A556 /* FirebasePerformance in Frameworks */,
				5B19247428245CE10075A556 /* FirebaseInAppMessagingSwift-Beta in Frameworks */,
				5B19248228245CE10075A556 /* FirebaseStorage in Frameworks */,
				5B19246628245CE10075A556 /* FirebaseDynamicLinks in Frameworks */,
				5B19246A28245CE10075A556 /* FirebaseFirestoreCombine-Community in Frameworks */,
				5B19247A28245CE10075A556 /* FirebaseMessaging in Frameworks */,
				5B19247628245CE10075A556 /* FirebaseInstallations in Frameworks */,
			);
			runOnlyForDeploymentPostprocessing = 0;
		};
/* End PBXFrameworksBuildPhase section */

/* Begin PBXGroup section */
		FD8391D8281A123B00842A5D = {
			isa = PBXGroup;
			children = (
				FD8391E3281A123C00842A5D /* Reto estado de la materia */,
				FD8391E2281A123C00842A5D /* Products */,
			);
			sourceTree = "<group>";
		};
		FD8391E2281A123C00842A5D /* Products */ = {
			isa = PBXGroup;
			children = (
				FD8391E1281A123C00842A5D /* Reto estado de la materia.app */,
			);
			name = Products;
			sourceTree = "<group>";
		};
		FD8391E3281A123C00842A5D /* Reto estado de la materia */ = {
			isa = PBXGroup;
			children = (
				FD8391E4281A123C00842A5D /* Reto_estado_de_la_materiaApp.swift */,
				5B192485282461640075A556 /* Inicio.swift */,
				FD8391E6281A123C00842A5D /* ContentView.swift */,
				5B19244C282441510075A556 /* GoogleService-Info.plist */,
				FD8391E8281A123E00842A5D /* Assets.xcassets */,
				FD8391EA281A123E00842A5D /* Preview Content */,
				FD8391F2281A130D00842A5D /* Logica.swift */,
			);
			path = "Reto estado de la materia";
			sourceTree = "<group>";
		};
		FD8391EA281A123E00842A5D /* Preview Content */ = {
			isa = PBXGroup;
			children = (
				FD8391EB281A123E00842A5D /* Preview Assets.xcassets */,
			);
			path = "Preview Content";
			sourceTree = "<group>";
		};
/* End PBXGroup section */

/* Begin PBXNativeTarget section */
		FD8391E0281A123B00842A5D /* Reto estado de la materia */ = {
			isa = PBXNativeTarget;
			buildConfigurationList = FD8391EF281A123E00842A5D /* Build configuration list for PBXNativeTarget "Reto estado de la materia" */;
			buildPhases = (
				FD8391DD281A123B00842A5D /* Sources */,
				FD8391DE281A123B00842A5D /* Frameworks */,
				FD8391DF281A123B00842A5D /* Resources */,
			);
			buildRules = (
			);
			dependencies = (
			);
			name = "Reto estado de la materia";
			packageProductDependencies = (
				5B19244F28245CE10075A556 /* FirebaseAnalytics */,
				5B19245128245CE10075A556 /* FirebaseAnalyticsOnDeviceConversion */,
				5B19245328245CE10075A556 /* FirebaseAnalyticsSwift */,
				5B19245528245CE10075A556 /* FirebaseAnalyticsWithoutAdIdSupport */,
				5B19245728245CE10075A556 /* FirebaseAppCheck */,
				5B19245928245CE10075A556 /* FirebaseAppDistribution-Beta */,
				5B19245B28245CE10075A556 /* FirebaseAuth */,
				5B19245D28245CE10075A556 /* FirebaseAuthCombine-Community */,
				5B19245F28245CE10075A556 /* FirebaseCrashlytics */,
				5B19246128245CE10075A556 /* FirebaseDatabase */,
				5B19246328245CE10075A556 /* FirebaseDatabaseSwift */,
				5B19246528245CE10075A556 /* FirebaseDynamicLinks */,
				5B19246728245CE10075A556 /* FirebaseFirestore */,
				5B19246928245CE10075A556 /* FirebaseFirestoreCombine-Community */,
				5B19246B28245CE10075A556 /* FirebaseFirestoreSwift */,
				5B19246D28245CE10075A556 /* FirebaseFunctions */,
				5B19246F28245CE10075A556 /* FirebaseFunctionsCombine-Community */,
				5B19247128245CE10075A556 /* FirebaseInAppMessaging-Beta */,
				5B19247328245CE10075A556 /* FirebaseInAppMessagingSwift-Beta */,
				5B19247528245CE10075A556 /* FirebaseInstallations */,
				5B19247728245CE10075A556 /* FirebaseMLModelDownloader */,
				5B19247928245CE10075A556 /* FirebaseMessaging */,
				5B19247B28245CE10075A556 /* FirebasePerformance */,
				5B19247D28245CE10075A556 /* FirebaseRemoteConfig */,
				5B19247F28245CE10075A556 /* FirebaseRemoteConfigSwift */,
				5B19248128245CE10075A556 /* FirebaseStorage */,
				5B19248328245CE10075A556 /* FirebaseStorageCombine-Community */,
			);
			productName = "Reto estado de la materia";
			productReference = FD8391E1281A123C00842A5D /* Reto estado de la materia.app */;
			productType = "com.apple.product-type.application";
		};
/* End PBXNativeTarget section */

/* Begin PBXProject section */
		FD8391D9281A123B00842A5D /* Project object */ = {
			isa = PBXProject;
			attributes = {
				BuildIndependentTargetsInParallel = 1;
				LastSwiftUpdateCheck = 1330;
				LastUpgradeCheck = 1330;
				TargetAttributes = {
					FD8391E0281A123B00842A5D = {
						CreatedOnToolsVersion = 13.3.1;
					};
				};
			};
			buildConfigurationList = FD8391DC281A123B00842A5D /* Build configuration list for PBXProject "Reto estado de la materia" */;
			compatibilityVersion = "Xcode 13.0";
			developmentRegion = en;
			hasScannedForEncodings = 0;
			knownRegions = (
				en,
				Base,
			);
			mainGroup = FD8391D8281A123B00842A5D;
			packageReferences = (
				5B19244B28242F2D0075A556 /* XCRemoteSwiftPackageReference "firebase-ios-sdk" */,
				5B19244E28245CE10075A556 /* XCRemoteSwiftPackageReference "firebase-ios-sdk" */,
			);
			productRefGroup = FD8391E2281A123C00842A5D /* Products */;
			projectDirPath = "";
			projectRoot = "";
			targets = (
				FD8391E0281A123B00842A5D /* Reto estado de la materia */,
			);
		};
/* End PBXProject section */

/* Begin PBXResourcesBuildPhase section */
		FD8391DF281A123B00842A5D /* Resources */ = {
			isa = PBXResourcesBuildPhase;
			buildActionMask = 2147483647;
			files = (
				FD8391EC281A123E00842A5D /* Preview Assets.xcassets in Resources */,
				FD8391E9281A123E00842A5D /* Assets.xcassets in Resources */,
				5B19244D282441520075A556 /* GoogleService-Info.plist in Resources */,
			);
			runOnlyForDeploymentPostprocessing = 0;
		};
/* End PBXResourcesBuildPhase section */

/* Begin PBXSourcesBuildPhase section */
		FD8391DD281A123B00842A5D /* Sources */ = {
			isa = PBXSourcesBuildPhase;
			buildActionMask = 2147483647;
			files = (
				FD8391F3281A130D00842A5D /* Logica.swift in Sources */,
				FD8391E7281A123C00842A5D /* ContentView.swift in Sources */,
				5B192486282461650075A556 /* Inicio.swift in Sources */,
				FD8391E5281A123C00842A5D /* Reto_estado_de_la_materiaApp.swift in Sources */,
			);
			runOnlyForDeploymentPostprocessing = 0;
		};
/* End PBXSourcesBuildPhase section */

/* Begin XCBuildConfiguration section */
		FD8391ED281A123E00842A5D /* Debug */ = {
			isa = XCBuildConfiguration;
			buildSettings = {
				ALWAYS_SEARCH_USER_PATHS = NO;
				CLANG_ANALYZER_NONNULL = YES;
				CLANG_ANALYZER_NUMBER_OBJECT_CONVERSION = YES_AGGRESSIVE;
				CLANG_CXX_LANGUAGE_STANDARD = "gnu++17";
				CLANG_ENABLE_MODULES = YES;
				CLANG_ENABLE_OBJC_ARC = YES;
				CLANG_ENABLE_OBJC_WEAK = YES;
				CLANG_WARN_BLOCK_CAPTURE_AUTORELEASING = YES;
				CLANG_WARN_BOOL_CONVERSION = YES;
				CLANG_WARN_COMMA = YES;
				CLANG_WARN_CONSTANT_CONVERSION = YES;
				CLANG_WARN_DEPRECATED_OBJC_IMPLEMENTATIONS = YES;
				CLANG_WARN_DIRECT_OBJC_ISA_USAGE = YES_ERROR;
				CLANG_WARN_DOCUMENTATION_COMMENTS = YES;
				CLANG_WARN_EMPTY_BODY = YES;
				CLANG_WARN_ENUM_CONVERSION = YES;
				CLANG_WARN_INFINITE_RECURSION = YES;
				CLANG_WARN_INT_CONVERSION = YES;
				CLANG_WARN_NON_LITERAL_NULL_CONVERSION = YES;
				CLANG_WARN_OBJC_IMPLICIT_RETAIN_SELF = YES;
				CLANG_WARN_OBJC_LITERAL_CONVERSION = YES;
				CLANG_WARN_OBJC_ROOT_CLASS = YES_ERROR;
				CLANG_WARN_QUOTED_INCLUDE_IN_FRAMEWORK_HEADER = YES;
				CLANG_WARN_RANGE_LOOP_ANALYSIS = YES;
				CLANG_WARN_STRICT_PROTOTYPES = YES;
				CLANG_WARN_SUSPICIOUS_MOVE = YES;
				CLANG_WARN_UNGUARDED_AVAILABILITY = YES_AGGRESSIVE;
				CLANG_WARN_UNREACHABLE_CODE = YES;
				CLANG_WARN__DUPLICATE_METHOD_MATCH = YES;
				COPY_PHASE_STRIP = NO;
				DEBUG_INFORMATION_FORMAT = dwarf;
				ENABLE_STRICT_OBJC_MSGSEND = YES;
				ENABLE_TESTABILITY = YES;
				GCC_C_LANGUAGE_STANDARD = gnu11;
				GCC_DYNAMIC_NO_PIC = NO;
				GCC_NO_COMMON_BLOCKS = YES;
				GCC_OPTIMIZATION_LEVEL = 0;
				GCC_PREPROCESSOR_DEFINITIONS = (
					"DEBUG=1",
					"$(inherited)",
				);
				GCC_WARN_64_TO_32_BIT_CONVERSION = YES;
				GCC_WARN_ABOUT_RETURN_TYPE = YES_ERROR;
				GCC_WARN_UNDECLARED_SELECTOR = YES;
				GCC_WARN_UNINITIALIZED_AUTOS = YES_AGGRESSIVE;
				GCC_WARN_UNUSED_FUNCTION = YES;
				GCC_WARN_UNUSED_VARIABLE = YES;
				IPHONEOS_DEPLOYMENT_TARGET = 15.4;
				MTL_ENABLE_DEBUG_INFO = INCLUDE_SOURCE;
				MTL_FAST_MATH = YES;
				ONLY_ACTIVE_ARCH = YES;
				SDKROOT = iphoneos;
				SWIFT_ACTIVE_COMPILATION_CONDITIONS = DEBUG;
				SWIFT_OPTIMIZATION_LEVEL = "-Onone";
			};
			name = Debug;
		};
		FD8391EE281A123E00842A5D /* Release */ = {
			isa = XCBuildConfiguration;
			buildSettings = {
				ALWAYS_SEARCH_USER_PATHS = NO;
				CLANG_ANALYZER_NONNULL = YES;
				CLANG_ANALYZER_NUMBER_OBJECT_CONVERSION = YES_AGGRESSIVE;
				CLANG_CXX_LANGUAGE_STANDARD = "gnu++17";
				CLANG_ENABLE_MODULES = YES;
				CLANG_ENABLE_OBJC_ARC = YES;
				CLANG_ENABLE_OBJC_WEAK = YES;
				CLANG_WARN_BLOCK_CAPTURE_AUTORELEASING = YES;
				CLANG_WARN_BOOL_CONVERSION = YES;
				CLANG_WARN_COMMA = YES;
				CLANG_WARN_CONSTANT_CONVERSION = YES;
				CLANG_WARN_DEPRECATED_OBJC_IMPLEMENTATIONS = YES;
				CLANG_WARN_DIRECT_OBJC_ISA_USAGE = YES_ERROR;
				CLANG_WARN_DOCUMENTATION_COMMENTS = YES;
				CLANG_WARN_EMPTY_BODY = YES;
				CLANG_WARN_ENUM_CONVERSION = YES;
				CLANG_WARN_INFINITE_RECURSION = YES;
				CLANG_WARN_INT_CONVERSION = YES;
				CLANG_WARN_NON_LITERAL_NULL_CONVERSION = YES;
				CLANG_WARN_OBJC_IMPLICIT_RETAIN_SELF = YES;
				CLANG_WARN_OBJC_LITERAL_CONVERSION = YES;
				CLANG_WARN_OBJC_ROOT_CLASS = YES_ERROR;
				CLANG_WARN_QUOTED_INCLUDE_IN_FRAMEWORK_HEADER = YES;
				CLANG_WARN_RANGE_LOOP_ANALYSIS = YES;
				CLANG_WARN_STRICT_PROTOTYPES = YES;
				CLANG_WARN_SUSPICIOUS_MOVE = YES;
				CLANG_WARN_UNGUARDED_AVAILABILITY = YES_AGGRESSIVE;
				CLANG_WARN_UNREACHABLE_CODE = YES;
				CLANG_WARN__DUPLICATE_METHOD_MATCH = YES;
				COPY_PHASE_STRIP = NO;
				DEBUG_INFORMATION_FORMAT = "dwarf-with-dsym";
				ENABLE_NS_ASSERTIONS = NO;
				ENABLE_STRICT_OBJC_MSGSEND = YES;
				GCC_C_LANGUAGE_STANDARD = gnu11;
				GCC_NO_COMMON_BLOCKS = YES;
				GCC_WARN_64_TO_32_BIT_CONVERSION = YES;
				GCC_WARN_ABOUT_RETURN_TYPE = YES_ERROR;
				GCC_WARN_UNDECLARED_SELECTOR = YES;
				GCC_WARN_UNINITIALIZED_AUTOS = YES_AGGRESSIVE;
				GCC_WARN_UNUSED_FUNCTION = YES;
				GCC_WARN_UNUSED_VARIABLE = YES;
				IPHONEOS_DEPLOYMENT_TARGET = 15.4;
				MTL_ENABLE_DEBUG_INFO = NO;
				MTL_FAST_MATH = YES;
				SDKROOT = iphoneos;
				SWIFT_COMPILATION_MODE = wholemodule;
				SWIFT_OPTIMIZATION_LEVEL = "-O";
				VALIDATE_PRODUCT = YES;
			};
			name = Release;
		};
		FD8391F0281A123E00842A5D /* Debug */ = {
			isa = XCBuildConfiguration;
			buildSettings = {
				ASSETCATALOG_COMPILER_APPICON_NAME = AppIcon;
				ASSETCATALOG_COMPILER_GLOBAL_ACCENT_COLOR_NAME = AccentColor;
				CODE_SIGN_STYLE = Automatic;
				CURRENT_PROJECT_VERSION = 1;
				DEVELOPMENT_ASSET_PATHS = "\"Reto estado de la materia/Preview Content\"";
				DEVELOPMENT_TEAM = 36DJZP3YAJ;
				ENABLE_PREVIEWS = YES;
				GENERATE_INFOPLIST_FILE = YES;
				INFOPLIST_KEY_UIApplicationSceneManifest_Generation = YES;
				INFOPLIST_KEY_UIApplicationSupportsIndirectInputEvents = YES;
				INFOPLIST_KEY_UILaunchScreen_Generation = YES;
				INFOPLIST_KEY_UISupportedInterfaceOrientations_iPad = "UIInterfaceOrientationPortrait UIInterfaceOrientationPortraitUpsideDown UIInterfaceOrientationLandscapeLeft UIInterfaceOrientationLandscapeRight";
				INFOPLIST_KEY_UISupportedInterfaceOrientations_iPhone = "UIInterfaceOrientationPortrait UIInterfaceOrientationLandscapeLeft UIInterfaceOrientationLandscapeRight";
				LD_RUNPATH_SEARCH_PATHS = (
					"$(inherited)",
					"@executable_path/Frameworks",
				);
				MARKETING_VERSION = 1.0;
				PRODUCT_BUNDLE_IDENTIFIER = "com.eliasjoserodriguez.Reto-estado-de-la-materia";
				PRODUCT_NAME = "$(TARGET_NAME)";
				SWIFT_EMIT_LOC_STRINGS = YES;
				SWIFT_VERSION = 5.0;
				TARGETED_DEVICE_FAMILY = "1,2";
			};
			name = Debug;
		};
		FD8391F1281A123E00842A5D /* Release */ = {
			isa = XCBuildConfiguration;
			buildSettings = {
				ASSETCATALOG_COMPILER_APPICON_NAME = AppIcon;
				ASSETCATALOG_COMPILER_GLOBAL_ACCENT_COLOR_NAME = AccentColor;
				CODE_SIGN_STYLE = Automatic;
				CURRENT_PROJECT_VERSION = 1;
				DEVELOPMENT_ASSET_PATHS = "\"Reto estado de la materia/Preview Content\"";
				DEVELOPMENT_TEAM = 36DJZP3YAJ;
				ENABLE_PREVIEWS = YES;
				GENERATE_INFOPLIST_FILE = YES;
				INFOPLIST_KEY_UIApplicationSceneManifest_Generation = YES;
				INFOPLIST_KEY_UIApplicationSupportsIndirectInputEvents = YES;
				INFOPLIST_KEY_UILaunchScreen_Generation = YES;
				INFOPLIST_KEY_UISupportedInterfaceOrientations_iPad = "UIInterfaceOrientationPortrait UIInterfaceOrientationPortraitUpsideDown UIInterfaceOrientationLandscapeLeft UIInterfaceOrientationLandscapeRight";
				INFOPLIST_KEY_UISupportedInterfaceOrientations_iPhone = "UIInterfaceOrientationPortrait UIInterfaceOrientationLandscapeLeft UIInterfaceOrientationLandscapeRight";
				LD_RUNPATH_SEARCH_PATHS = (
					"$(inherited)",
					"@executable_path/Frameworks",
				);
				MARKETING_VERSION = 1.0;
				PRODUCT_BUNDLE_IDENTIFIER = "com.eliasjoserodriguez.Reto-estado-de-la-materia";
				PRODUCT_NAME = "$(TARGET_NAME)";
				SWIFT_EMIT_LOC_STRINGS = YES;
				SWIFT_VERSION = 5.0;
				TARGETED_DEVICE_FAMILY = "1,2";
			};
			name = Release;
		};
/* End XCBuildConfiguration section */

/* Begin XCConfigurationList section */
		FD8391DC281A123B00842A5D /* Build configuration list for PBXProject "Reto estado de la materia" */ = {
			isa = XCConfigurationList;
			buildConfigurations = (
				FD8391ED281A123E00842A5D /* Debug */,
				FD8391EE281A123E00842A5D /* Release */,
			);
			defaultConfigurationIsVisible = 0;
			defaultConfigurationName = Release;
		};
		FD8391EF281A123E00842A5D /* Build configuration list for PBXNativeTarget "Reto estado de la materia" */ = {
			isa = XCConfigurationList;
			buildConfigurations = (
				FD8391F0281A123E00842A5D /* Debug */,
				FD8391F1281A123E00842A5D /* Release */,
			);
			defaultConfigurationIsVisible = 0;
			defaultConfigurationName = Release;
		};
/* End XCConfigurationList section */

/* Begin XCRemoteSwiftPackageReference section */
		5B19244B28242F2D0075A556 /* XCRemoteSwiftPackageReference "firebase-ios-sdk" */ = {
			isa = XCRemoteSwiftPackageReference;
			repositoryURL = "https://github.com/firebase/firebase-ios-sdk.git";
			requirement = {
				kind = upToNextMajorVersion;
				minimumVersion = 9.0.0;
			};
		};
		5B19244E28245CE10075A556 /* XCRemoteSwiftPackageReference "firebase-ios-sdk" */ = {
			isa = XCRemoteSwiftPackageReference;
			repositoryURL = "https://github.com/firebase/firebase-ios-sdk.git";
			requirement = {
				branch = master;
				kind = branch;
			};
		};
/* End XCRemoteSwiftPackageReference section */

/* Begin XCSwiftPackageProductDependency section */
		5B19244F28245CE10075A556 /* FirebaseAnalytics */ = {
			isa = XCSwiftPackageProductDependency;
			package = 5B19244E28245CE10075A556 /* XCRemoteSwiftPackageReference "firebase-ios-sdk" */;
			productName = FirebaseAnalytics;
		};
		5B19245128245CE10075A556 /* FirebaseAnalyticsOnDeviceConversion */ = {
			isa = XCSwiftPackageProductDependency;
			package = 5B19244E28245CE10075A556 /* XCRemoteSwiftPackageReference "firebase-ios-sdk" */;
			productName = FirebaseAnalyticsOnDeviceConversion;
		};
		5B19245328245CE10075A556 /* FirebaseAnalyticsSwift */ = {
			isa = XCSwiftPackageProductDependency;
			package = 5B19244E28245CE10075A556 /* XCRemoteSwiftPackageReference "firebase-ios-sdk" */;
			productName = FirebaseAnalyticsSwift;
		};
		5B19245528245CE10075A556 /* FirebaseAnalyticsWithoutAdIdSupport */ = {
			isa = XCSwiftPackageProductDependency;
			package = 5B19244E28245CE10075A556 /* XCRemoteSwiftPackageReference "firebase-ios-sdk" */;
			productName = FirebaseAnalyticsWithoutAdIdSupport;
		};
		5B19245728245CE10075A556 /* FirebaseAppCheck */ = {
			isa = XCSwiftPackageProductDependency;
			package = 5B19244E28245CE10075A556 /* XCRemoteSwiftPackageReference "firebase-ios-sdk" */;
			productName = FirebaseAppCheck;
		};
		5B19245928245CE10075A556 /* FirebaseAppDistribution-Beta */ = {
			isa = XCSwiftPackageProductDependency;
			package = 5B19244E28245CE10075A556 /* XCRemoteSwiftPackageReference "firebase-ios-sdk" */;
			productName = "FirebaseAppDistribution-Beta";
		};
		5B19245B28245CE10075A556 /* FirebaseAuth */ = {
			isa = XCSwiftPackageProductDependency;
			package = 5B19244E28245CE10075A556 /* XCRemoteSwiftPackageReference "firebase-ios-sdk" */;
			productName = FirebaseAuth;
		};
		5B19245D28245CE10075A556 /* FirebaseAuthCombine-Community */ = {
			isa = XCSwiftPackageProductDependency;
			package = 5B19244E28245CE10075A556 /* XCRemoteSwiftPackageReference "firebase-ios-sdk" */;
			productName = "FirebaseAuthCombine-Community";
		};
		5B19245F28245CE10075A556 /* FirebaseCrashlytics */ = {
			isa = XCSwiftPackageProductDependency;
			package = 5B19244E28245CE10075A556 /* XCRemoteSwiftPackageReference "firebase-ios-sdk" */;
			productName = FirebaseCrashlytics;
		};
		5B19246128245CE10075A556 /* FirebaseDatabase */ = {
			isa = XCSwiftPackageProductDependency;
			package = 5B19244E28245CE10075A556 /* XCRemoteSwiftPackageReference "firebase-ios-sdk" */;
			productName = FirebaseDatabase;
		};
		5B19246328245CE10075A556 /* FirebaseDatabaseSwift */ = {
			isa = XCSwiftPackageProductDependency;
			package = 5B19244E28245CE10075A556 /* XCRemoteSwiftPackageReference "firebase-ios-sdk" */;
			productName = FirebaseDatabaseSwift;
		};
		5B19246528245CE10075A556 /* FirebaseDynamicLinks */ = {
			isa = XCSwiftPackageProductDependency;
			package = 5B19244E28245CE10075A556 /* XCRemoteSwiftPackageReference "firebase-ios-sdk" */;
			productName = FirebaseDynamicLinks;
		};
		5B19246728245CE10075A556 /* FirebaseFirestore */ = {
			isa = XCSwiftPackageProductDependency;
			package = 5B19244E28245CE10075A556 /* XCRemoteSwiftPackageReference "firebase-ios-sdk" */;
			productName = FirebaseFirestore;
		};
		5B19246928245CE10075A556 /* FirebaseFirestoreCombine-Community */ = {
			isa = XCSwiftPackageProductDependency;
			package = 5B19244E28245CE10075A556 /* XCRemoteSwiftPackageReference "firebase-ios-sdk" */;
			productName = "FirebaseFirestoreCombine-Community";
		};
		5B19246B28245CE10075A556 /* FirebaseFirestoreSwift */ = {
			isa = XCSwiftPackageProductDependency;
			package = 5B19244E28245CE10075A556 /* XCRemoteSwiftPackageReference "firebase-ios-sdk" */;
			productName = FirebaseFirestoreSwift;
		};
		5B19246D28245CE10075A556 /* FirebaseFunctions */ = {
			isa = XCSwiftPackageProductDependency;
			package = 5B19244E28245CE10075A556 /* XCRemoteSwiftPackageReference "firebase-ios-sdk" */;
			productName = FirebaseFunctions;
		};
		5B19246F28245CE10075A556 /* FirebaseFunctionsCombine-Community */ = {
			isa = XCSwiftPackageProductDependency;
			package = 5B19244E28245CE10075A556 /* XCRemoteSwiftPackageReference "firebase-ios-sdk" */;
			productName = "FirebaseFunctionsCombine-Community";
		};
		5B19247128245CE10075A556 /* FirebaseInAppMessaging-Beta */ = {
			isa = XCSwiftPackageProductDependency;
			package = 5B19244E28245CE10075A556 /* XCRemoteSwiftPackageReference "firebase-ios-sdk" */;
			productName = "FirebaseInAppMessaging-Beta";
		};
		5B19247328245CE10075A556 /* FirebaseInAppMessagingSwift-Beta */ = {
			isa = XCSwiftPackageProductDependency;
			package = 5B19244E28245CE10075A556 /* XCRemoteSwiftPackageReference "firebase-ios-sdk" */;
			productName = "FirebaseInAppMessagingSwift-Beta";
		};
		5B19247528245CE10075A556 /* FirebaseInstallations */ = {
			isa = XCSwiftPackageProductDependency;
			package = 5B19244E28245CE10075A556 /* XCRemoteSwiftPackageReference "firebase-ios-sdk" */;
			productName = FirebaseInstallations;
		};
		5B19247728245CE10075A556 /* FirebaseMLModelDownloader */ = {
			isa = XCSwiftPackageProductDependency;
			package = 5B19244E28245CE10075A556 /* XCRemoteSwiftPackageReference "firebase-ios-sdk" */;
			productName = FirebaseMLModelDownloader;
		};
		5B19247928245CE10075A556 /* FirebaseMessaging */ = {
			isa = XCSwiftPackageProductDependency;
			package = 5B19244E28245CE10075A556 /* XCRemoteSwiftPackageReference "firebase-ios-sdk" */;
			productName = FirebaseMessaging;
		};
		5B19247B28245CE10075A556 /* FirebasePerformance */ = {
			isa = XCSwiftPackageProductDependency;
			package = 5B19244E28245CE10075A556 /* XCRemoteSwiftPackageReference "firebase-ios-sdk" */;
			productName = FirebasePerformance;
		};
		5B19247D28245CE10075A556 /* FirebaseRemoteConfig */ = {
			isa = XCSwiftPackageProductDependency;
			package = 5B19244E28245CE10075A556 /* XCRemoteSwiftPackageReference "firebase-ios-sdk" */;
			productName = FirebaseRemoteConfig;
		};
		5B19247F28245CE10075A556 /* FirebaseRemoteConfigSwift */ = {
			isa = XCSwiftPackageProductDependency;
			package = 5B19244E28245CE10075A556 /* XCRemoteSwiftPackageReference "firebase-ios-sdk" */;
			productName = FirebaseRemoteConfigSwift;
		};
		5B19248128245CE10075A556 /* FirebaseStorage */ = {
			isa = XCSwiftPackageProductDependency;
			package = 5B19244E28245CE10075A556 /* XCRemoteSwiftPackageReference "firebase-ios-sdk" */;
			productName = FirebaseStorage;
		};
		5B19248328245CE10075A556 /* FirebaseStorageCombine-Community */ = {
			isa = XCSwiftPackageProductDependency;
			package = 5B19244E28245CE10075A556 /* XCRemoteSwiftPackageReference "firebase-ios-sdk" */;
			productName = "FirebaseStorageCombine-Community";
		};
/* End XCSwiftPackageProductDependency section */
	};
	rootObject = FD8391D9281A123B00842A5D /* Project object */;
}
