// !$*UTF8*$!
{
	archiveVersion = 1;
	classes = {
	};
	objectVersion = 55;
	objects = {

/* Begin PBXBuildFile section */
		5B19244D282441520075A556 /* GoogleService-Info.plist in Resources */ = {isa = PBXBuildFile; fileRef = 5B19244C282441510075A556 /* GoogleService-Info.plist */; };
		5B192486282461650075A556 /* InicioView.swift in Sources */ = {isa = PBXBuildFile; fileRef = 5B192485282461640075A556 /* InicioView.swift */; };
		5B719EEA2829B98A00F3ECFA /* FirebaseAnalytics in Frameworks */ = {isa = PBXBuildFile; productRef = 5B719EE92829B98A00F3ECFA /* FirebaseAnalytics */; };
		5B719EEC2829B98A00F3ECFA /* FirebaseAnalyticsSwift in Frameworks */ = {isa = PBXBuildFile; productRef = 5B719EEB2829B98A00F3ECFA /* FirebaseAnalyticsSwift */; };
		5BA5033A28257FD30035A101 /* LoginEmailView.swift in Sources */ = {isa = PBXBuildFile; fileRef = 5BA5033928257FD30035A101 /* LoginEmailView.swift */; };
		5BA5033C282586D40035A101 /* RegistroEmailView.swift in Sources */ = {isa = PBXBuildFile; fileRef = 5BA5033B282586D40035A101 /* RegistroEmailView.swift */; };
		5BA5033E2825882D0035A101 /* DismissView.swift in Sources */ = {isa = PBXBuildFile; fileRef = 5BA5033D2825882D0035A101 /* DismissView.swift */; };
		FD8391E5281A123C00842A5D /* Reto_estado_de_la_materiaApp.swift in Sources */ = {isa = PBXBuildFile; fileRef = FD8391E4281A123C00842A5D /* Reto_estado_de_la_materiaApp.swift */; };
		FD8391E7281A123C00842A5D /* ContentView.swift in Sources */ = {isa = PBXBuildFile; fileRef = FD8391E6281A123C00842A5D /* ContentView.swift */; };
		FD8391E9281A123E00842A5D /* Assets.xcassets in Resources */ = {isa = PBXBuildFile; fileRef = FD8391E8281A123E00842A5D /* Assets.xcassets */; };
		FD8391EC281A123E00842A5D /* Preview Assets.xcassets in Resources */ = {isa = PBXBuildFile; fileRef = FD8391EB281A123E00842A5D /* Preview Assets.xcassets */; };
		FD8391F3281A130D00842A5D /* Logica.swift in Sources */ = {isa = PBXBuildFile; fileRef = FD8391F2281A130D00842A5D /* Logica.swift */; };
/* End PBXBuildFile section */

/* Begin PBXFileReference section */
		5B19244C282441510075A556 /* GoogleService-Info.plist */ = {isa = PBXFileReference; fileEncoding = 4; lastKnownFileType = text.plist.xml; path = "GoogleService-Info.plist"; sourceTree = "<group>"; };
		5B192485282461640075A556 /* InicioView.swift */ = {isa = PBXFileReference; lastKnownFileType = sourcecode.swift; path = InicioView.swift; sourceTree = "<group>"; };
		5BA5033928257FD30035A101 /* LoginEmailView.swift */ = {isa = PBXFileReference; lastKnownFileType = sourcecode.swift; path = LoginEmailView.swift; sourceTree = "<group>"; };
		5BA5033B282586D40035A101 /* RegistroEmailView.swift */ = {isa = PBXFileReference; lastKnownFileType = sourcecode.swift; path = RegistroEmailView.swift; sourceTree = "<group>"; };
		5BA5033D2825882D0035A101 /* DismissView.swift */ = {isa = PBXFileReference; lastKnownFileType = sourcecode.swift; path = DismissView.swift; sourceTree = "<group>"; };
		FD8391E1281A123C00842A5D /* Reto estado de la materia.app */ = {isa = PBXFileReference; explicitFileType = wrapper.application; includeInIndex = 0; path = "Reto estado de la materia.app"; sourceTree = BUILT_PRODUCTS_DIR; };
		FD8391E4281A123C00842A5D /* Reto_estado_de_la_materiaApp.swift */ = {isa = PBXFileReference; lastKnownFileType = sourcecode.swift; path = Reto_estado_de_la_materiaApp.swift; sourceTree = "<group>"; };
		FD8391E6281A123C00842A5D /* ContentView.swift */ = {isa = PBXFileReference; lastKnownFileType = sourcecode.swift; path = ContentView.swift; sourceTree = "<group>"; };
		FD8391E8281A123E00842A5D /* Assets.xcassets */ = {isa = PBXFileReference; lastKnownFileType = folder.assetcatalog; path = Assets.xcassets; sourceTree = "<group>"; };
		FD8391EB281A123E00842A5D /* Preview Assets.xcassets */ = {isa = PBXFileReference; lastKnownFileType = folder.assetcatalog; path = "Preview Assets.xcassets"; sourceTree = "<group>"; };
		FD8391F2281A130D00842A5D /* Logica.swift */ = {isa = PBXFileReference; lastKnownFileType = sourcecode.swift; path = Logica.swift; sourceTree = "<group>"; };
/* End PBXFileReference section */

/* Begin PBXFrameworksBuildPhase section */
		FD8391DE281A123B00842A5D /* Frameworks */ = {
			isa = PBXFrameworksBuildPhase;
			buildActionMask = 2147483647;
			files = (
				5B719EEC2829B98A00F3ECFA /* FirebaseAnalyticsSwift in Frameworks */,
				5B719EEA2829B98A00F3ECFA /* FirebaseAnalytics in Frameworks */,
			);
			runOnlyForDeploymentPostprocessing = 0;
		};
/* End PBXFrameworksBuildPhase section */

/* Begin PBXGroup section */
		FD8391D8281A123B00842A5D = {
			isa = PBXGroup;
			children = (
				FD8391E3281A123C00842A5D /* Reto estado de la materia */,
				FD8391E2281A123C00842A5D /* Products */,
			);
			sourceTree = "<group>";
		};
		FD8391E2281A123C00842A5D /* Products */ = {
			isa = PBXGroup;
			children = (
				FD8391E1281A123C00842A5D /* Reto estado de la materia.app */,
			);
			name = Products;
			sourceTree = "<group>";
		};
		FD8391E3281A123C00842A5D /* Reto estado de la materia */ = {
			isa = PBXGroup;
			children = (
				FD8391E4281A123C00842A5D /* Reto_estado_de_la_materiaApp.swift */,
				5B192485282461640075A556 /* InicioView.swift */,
				5BA5033928257FD30035A101 /* LoginEmailView.swift */,
				5BA5033B282586D40035A101 /* RegistroEmailView.swift */,
				5BA5033D2825882D0035A101 /* DismissView.swift */,
				FD8391E6281A123C00842A5D /* ContentView.swift */,
				5B19244C282441510075A556 /* GoogleService-Info.plist */,
				FD8391E8281A123E00842A5D /* Assets.xcassets */,
				FD8391EA281A123E00842A5D /* Preview Content */,
				FD8391F2281A130D00842A5D /* Logica.swift */,
			);
			path = "Reto estado de la materia";
			sourceTree = "<group>";
		};
		FD8391EA281A123E00842A5D /* Preview Content */ = {
			isa = PBXGroup;
			children = (
				FD8391EB281A123E00842A5D /* Preview Assets.xcassets */,
			);
			path = "Preview Content";
			sourceTree = "<group>";
		};
/* End PBXGroup section */

/* Begin PBXNativeTarget section */
		FD8391E0281A123B00842A5D /* Reto estado de la materia */ = {
			isa = PBXNativeTarget;
			buildConfigurationList = FD8391EF281A123E00842A5D /* Build configuration list for PBXNativeTarget "Reto estado de la materia" */;
			buildPhases = (
				FD8391DD281A123B00842A5D /* Sources */,
				FD8391DE281A123B00842A5D /* Frameworks */,
				FD8391DF281A123B00842A5D /* Resources */,
			);
			buildRules = (
			);
			dependencies = (
			);
			name = "Reto estado de la materia";
			packageProductDependencies = (
				5B719EE92829B98A00F3ECFA /* FirebaseAnalytics */,
				5B719EEB2829B98A00F3ECFA /* FirebaseAnalyticsSwift */,
			);
			productName = "Reto estado de la materia";
			productReference = FD8391E1281A123C00842A5D /* Reto estado de la materia.app */;
			productType = "com.apple.product-type.application";
		};
/* End PBXNativeTarget section */

/* Begin PBXProject section */
		FD8391D9281A123B00842A5D /* Project object */ = {
			isa = PBXProject;
			attributes = {
				BuildIndependentTargetsInParallel = 1;
				LastSwiftUpdateCheck = 1330;
				LastUpgradeCheck = 1330;
				TargetAttributes = {
					FD8391E0281A123B00842A5D = {
						CreatedOnToolsVersion = 13.3.1;
					};
				};
			};
			buildConfigurationList = FD8391DC281A123B00842A5D /* Build configuration list for PBXProject "Reto estado de la materia" */;
			compatibilityVersion = "Xcode 13.0";
			developmentRegion = en;
			hasScannedForEncodings = 0;
			knownRegions = (
				en,
				Base,
			);
			mainGroup = FD8391D8281A123B00842A5D;
			packageReferences = (
				5B719EE82829B98A00F3ECFA /* XCRemoteSwiftPackageReference "firebase-ios-sdk" */,
			);
			productRefGroup = FD8391E2281A123C00842A5D /* Products */;
			projectDirPath = "";
			projectRoot = "";
			targets = (
				FD8391E0281A123B00842A5D /* Reto estado de la materia */,
			);
		};
/* End PBXProject section */

/* Begin PBXResourcesBuildPhase section */
		FD8391DF281A123B00842A5D /* Resources */ = {
			isa = PBXResourcesBuildPhase;
			buildActionMask = 2147483647;
			files = (
				FD8391EC281A123E00842A5D /* Preview Assets.xcassets in Resources */,
				FD8391E9281A123E00842A5D /* Assets.xcassets in Resources */,
				5B19244D282441520075A556 /* GoogleService-Info.plist in Resources */,
			);
			runOnlyForDeploymentPostprocessing = 0;
		};
/* End PBXResourcesBuildPhase section */

/* Begin PBXSourcesBuildPhase section */
		FD8391DD281A123B00842A5D /* Sources */ = {
			isa = PBXSourcesBuildPhase;
			buildActionMask = 2147483647;
			files = (
				FD8391F3281A130D00842A5D /* Logica.swift in Sources */,
				5BA5033A28257FD30035A101 /* LoginEmailView.swift in Sources */,
				FD8391E7281A123C00842A5D /* ContentView.swift in Sources */,
				5B192486282461650075A556 /* InicioView.swift in Sources */,
				5BA5033C282586D40035A101 /* RegistroEmailView.swift in Sources */,
				5BA5033E2825882D0035A101 /* DismissView.swift in Sources */,
				FD8391E5281A123C00842A5D /* Reto_estado_de_la_materiaApp.swift in Sources */,
			);
			runOnlyForDeploymentPostprocessing = 0;
		};
/* End PBXSourcesBuildPhase section */

/* Begin XCBuildConfiguration section */
		FD8391ED281A123E00842A5D /* Debug */ = {
			isa = XCBuildConfiguration;
			buildSettings = {
				ALWAYS_SEARCH_USER_PATHS = NO;
				CLANG_ANALYZER_NONNULL = YES;
				CLANG_ANALYZER_NUMBER_OBJECT_CONVERSION = YES_AGGRESSIVE;
				CLANG_CXX_LANGUAGE_STANDARD = "gnu++17";
				CLANG_ENABLE_MODULES = YES;
				CLANG_ENABLE_OBJC_ARC = YES;
				CLANG_ENABLE_OBJC_WEAK = YES;
				CLANG_WARN_BLOCK_CAPTURE_AUTORELEASING = YES;
				CLANG_WARN_BOOL_CONVERSION = YES;
				CLANG_WARN_COMMA = YES;
				CLANG_WARN_CONSTANT_CONVERSION = YES;
				CLANG_WARN_DEPRECATED_OBJC_IMPLEMENTATIONS = YES;
				CLANG_WARN_DIRECT_OBJC_ISA_USAGE = YES_ERROR;
				CLANG_WARN_DOCUMENTATION_COMMENTS = YES;
				CLANG_WARN_EMPTY_BODY = YES;
				CLANG_WARN_ENUM_CONVERSION = YES;
				CLANG_WARN_INFINITE_RECURSION = YES;
				CLANG_WARN_INT_CONVERSION = YES;
				CLANG_WARN_NON_LITERAL_NULL_CONVERSION = YES;
				CLANG_WARN_OBJC_IMPLICIT_RETAIN_SELF = YES;
				CLANG_WARN_OBJC_LITERAL_CONVERSION = YES;
				CLANG_WARN_OBJC_ROOT_CLASS = YES_ERROR;
				CLANG_WARN_QUOTED_INCLUDE_IN_FRAMEWORK_HEADER = YES;
				CLANG_WARN_RANGE_LOOP_ANALYSIS = YES;
				CLANG_WARN_STRICT_PROTOTYPES = YES;
				CLANG_WARN_SUSPICIOUS_MOVE = YES;
				CLANG_WARN_UNGUARDED_AVAILABILITY = YES_AGGRESSIVE;
				CLANG_WARN_UNREACHABLE_CODE = YES;
				CLANG_WARN__DUPLICATE_METHOD_MATCH = YES;
				COPY_PHASE_STRIP = NO;
				DEBUG_INFORMATION_FORMAT = dwarf;
				ENABLE_STRICT_OBJC_MSGSEND = YES;
				ENABLE_TESTABILITY = YES;
				GCC_C_LANGUAGE_STANDARD = gnu11;
				GCC_DYNAMIC_NO_PIC = NO;
				GCC_NO_COMMON_BLOCKS = YES;
				GCC_OPTIMIZATION_LEVEL = 0;
				GCC_PREPROCESSOR_DEFINITIONS = (
					"DEBUG=1",
					"$(inherited)",
				);
				GCC_WARN_64_TO_32_BIT_CONVERSION = YES;
				GCC_WARN_ABOUT_RETURN_TYPE = YES_ERROR;
				GCC_WARN_UNDECLARED_SELECTOR = YES;
				GCC_WARN_UNINITIALIZED_AUTOS = YES_AGGRESSIVE;
				GCC_WARN_UNUSED_FUNCTION = YES;
				GCC_WARN_UNUSED_VARIABLE = YES;
				IPHONEOS_DEPLOYMENT_TARGET = 15.4;
				MTL_ENABLE_DEBUG_INFO = INCLUDE_SOURCE;
				MTL_FAST_MATH = YES;
				ONLY_ACTIVE_ARCH = YES;
				SDKROOT = iphoneos;
				SWIFT_ACTIVE_COMPILATION_CONDITIONS = DEBUG;
				SWIFT_OPTIMIZATION_LEVEL = "-Onone";
			};
			name = Debug;
		};
		FD8391EE281A123E00842A5D /* Release */ = {
			isa = XCBuildConfiguration;
			buildSettings = {
				ALWAYS_SEARCH_USER_PATHS = NO;
				CLANG_ANALYZER_NONNULL = YES;
				CLANG_ANALYZER_NUMBER_OBJECT_CONVERSION = YES_AGGRESSIVE;
				CLANG_CXX_LANGUAGE_STANDARD = "gnu++17";
				CLANG_ENABLE_MODULES = YES;
				CLANG_ENABLE_OBJC_ARC = YES;
				CLANG_ENABLE_OBJC_WEAK = YES;
				CLANG_WARN_BLOCK_CAPTURE_AUTORELEASING = YES;
				CLANG_WARN_BOOL_CONVERSION = YES;
				CLANG_WARN_COMMA = YES;
				CLANG_WARN_CONSTANT_CONVERSION = YES;
				CLANG_WARN_DEPRECATED_OBJC_IMPLEMENTATIONS = YES;
				CLANG_WARN_DIRECT_OBJC_ISA_USAGE = YES_ERROR;
				CLANG_WARN_DOCUMENTATION_COMMENTS = YES;
				CLANG_WARN_EMPTY_BODY = YES;
				CLANG_WARN_ENUM_CONVERSION = YES;
				CLANG_WARN_INFINITE_RECURSION = YES;
				CLANG_WARN_INT_CONVERSION = YES;
				CLANG_WARN_NON_LITERAL_NULL_CONVERSION = YES;
				CLANG_WARN_OBJC_IMPLICIT_RETAIN_SELF = YES;
				CLANG_WARN_OBJC_LITERAL_CONVERSION = YES;
				CLANG_WARN_OBJC_ROOT_CLASS = YES_ERROR;
				CLANG_WARN_QUOTED_INCLUDE_IN_FRAMEWORK_HEADER = YES;
				CLANG_WARN_RANGE_LOOP_ANALYSIS = YES;
				CLANG_WARN_STRICT_PROTOTYPES = YES;
				CLANG_WARN_SUSPICIOUS_MOVE = YES;
				CLANG_WARN_UNGUARDED_AVAILABILITY = YES_AGGRESSIVE;
				CLANG_WARN_UNREACHABLE_CODE = YES;
				CLANG_WARN__DUPLICATE_METHOD_MATCH = YES;
				COPY_PHASE_STRIP = NO;
				DEBUG_INFORMATION_FORMAT = "dwarf-with-dsym";
				ENABLE_NS_ASSERTIONS = NO;
				ENABLE_STRICT_OBJC_MSGSEND = YES;
				GCC_C_LANGUAGE_STANDARD = gnu11;
				GCC_NO_COMMON_BLOCKS = YES;
				GCC_WARN_64_TO_32_BIT_CONVERSION = YES;
				GCC_WARN_ABOUT_RETURN_TYPE = YES_ERROR;
				GCC_WARN_UNDECLARED_SELECTOR = YES;
				GCC_WARN_UNINITIALIZED_AUTOS = YES_AGGRESSIVE;
				GCC_WARN_UNUSED_FUNCTION = YES;
				GCC_WARN_UNUSED_VARIABLE = YES;
				IPHONEOS_DEPLOYMENT_TARGET = 15.4;
				MTL_ENABLE_DEBUG_INFO = NO;
				MTL_FAST_MATH = YES;
				SDKROOT = iphoneos;
				SWIFT_COMPILATION_MODE = wholemodule;
				SWIFT_OPTIMIZATION_LEVEL = "-O";
				VALIDATE_PRODUCT = YES;
			};
			name = Release;
		};
		FD8391F0281A123E00842A5D /* Debug */ = {
			isa = XCBuildConfiguration;
			buildSettings = {
				ASSETCATALOG_COMPILER_APPICON_NAME = AppIcon;
				ASSETCATALOG_COMPILER_GLOBAL_ACCENT_COLOR_NAME = AccentColor;
				CODE_SIGN_STYLE = Automatic;
				CURRENT_PROJECT_VERSION = 1;
				DEVELOPMENT_ASSET_PATHS = "\"Reto estado de la materia/Preview Content\"";
				DEVELOPMENT_TEAM = 36DJZP3YAJ;
				ENABLE_PREVIEWS = YES;
				GENERATE_INFOPLIST_FILE = YES;
				INFOPLIST_KEY_UIApplicationSceneManifest_Generation = YES;
				INFOPLIST_KEY_UIApplicationSupportsIndirectInputEvents = YES;
				INFOPLIST_KEY_UILaunchScreen_Generation = YES;
				INFOPLIST_KEY_UISupportedInterfaceOrientations_iPad = "UIInterfaceOrientationPortrait UIInterfaceOrientationPortraitUpsideDown UIInterfaceOrientationLandscapeLeft UIInterfaceOrientationLandscapeRight";
				INFOPLIST_KEY_UISupportedInterfaceOrientations_iPhone = "UIInterfaceOrientationPortrait UIInterfaceOrientationLandscapeLeft UIInterfaceOrientationLandscapeRight";
				LD_RUNPATH_SEARCH_PATHS = (
					"$(inherited)",
					"@executable_path/Frameworks",
				);
				MARKETING_VERSION = 1.0;
				PRODUCT_BUNDLE_IDENTIFIER = "com.eliasjoserodriguez.Reto-estado-de-la-materia";
				PRODUCT_NAME = "$(TARGET_NAME)";
				SWIFT_EMIT_LOC_STRINGS = YES;
				SWIFT_VERSION = 5.0;
				TARGETED_DEVICE_FAMILY = "1,2";
			};
			name = Debug;
		};
		FD8391F1281A123E00842A5D /* Release */ = {
			isa = XCBuildConfiguration;
			buildSettings = {
				ASSETCATALOG_COMPILER_APPICON_NAME = AppIcon;
				ASSETCATALOG_COMPILER_GLOBAL_ACCENT_COLOR_NAME = AccentColor;
				CODE_SIGN_STYLE = Automatic;
				CURRENT_PROJECT_VERSION = 1;
				DEVELOPMENT_ASSET_PATHS = "\"Reto estado de la materia/Preview Content\"";
				DEVELOPMENT_TEAM = 36DJZP3YAJ;
				ENABLE_PREVIEWS = YES;
				GENERATE_INFOPLIST_FILE = YES;
				INFOPLIST_KEY_UIApplicationSceneManifest_Generation = YES;
				INFOPLIST_KEY_UIApplicationSupportsIndirectInputEvents = YES;
				INFOPLIST_KEY_UILaunchScreen_Generation = YES;
				INFOPLIST_KEY_UISupportedInterfaceOrientations_iPad = "UIInterfaceOrientationPortrait UIInterfaceOrientationPortraitUpsideDown UIInterfaceOrientationLandscapeLeft UIInterfaceOrientationLandscapeRight";
				INFOPLIST_KEY_UISupportedInterfaceOrientations_iPhone = "UIInterfaceOrientationPortrait UIInterfaceOrientationLandscapeLeft UIInterfaceOrientationLandscapeRight";
				LD_RUNPATH_SEARCH_PATHS = (
					"$(inherited)",
					"@executable_path/Frameworks",
				);
				MARKETING_VERSION = 1.0;
				PRODUCT_BUNDLE_IDENTIFIER = "com.eliasjoserodriguez.Reto-estado-de-la-materia";
				PRODUCT_NAME = "$(TARGET_NAME)";
				SWIFT_EMIT_LOC_STRINGS = YES;
				SWIFT_VERSION = 5.0;
				TARGETED_DEVICE_FAMILY = "1,2";
			};
			name = Release;
		};
/* End XCBuildConfiguration section */

/* Begin XCConfigurationList section */
		FD8391DC281A123B00842A5D /* Build configuration list for PBXProject "Reto estado de la materia" */ = {
			isa = XCConfigurationList;
			buildConfigurations = (
				FD8391ED281A123E00842A5D /* Debug */,
				FD8391EE281A123E00842A5D /* Release */,
			);
			defaultConfigurationIsVisible = 0;
			defaultConfigurationName = Release;
		};
		FD8391EF281A123E00842A5D /* Build configuration list for PBXNativeTarget "Reto estado de la materia" */ = {
			isa = XCConfigurationList;
			buildConfigurations = (
				FD8391F0281A123E00842A5D /* Debug */,
				FD8391F1281A123E00842A5D /* Release */,
			);
			defaultConfigurationIsVisible = 0;
			defaultConfigurationName = Release;
		};
/* End XCConfigurationList section */

/* Begin XCRemoteSwiftPackageReference section */
		5B719EE82829B98A00F3ECFA /* XCRemoteSwiftPackageReference "firebase-ios-sdk" */ = {
			isa = XCRemoteSwiftPackageReference;
			repositoryURL = "https://github.com/firebase/firebase-ios-sdk.git";
			requirement = {
				kind = upToNextMajorVersion;
				minimumVersion = 9.0.0;
			};
		};
/* End XCRemoteSwiftPackageReference section */

/* Begin XCSwiftPackageProductDependency section */
		5B719EE92829B98A00F3ECFA /* FirebaseAnalytics */ = {
			isa = XCSwiftPackageProductDependency;
			package = 5B719EE82829B98A00F3ECFA /* XCRemoteSwiftPackageReference "firebase-ios-sdk" */;
			productName = FirebaseAnalytics;
		};
		5B719EEB2829B98A00F3ECFA /* FirebaseAnalyticsSwift */ = {
			isa = XCSwiftPackageProductDependency;
			package = 5B719EE82829B98A00F3ECFA /* XCRemoteSwiftPackageReference "firebase-ios-sdk" */;
			productName = FirebaseAnalyticsSwift;
		};
/* End XCSwiftPackageProductDependency section */
	};
	rootObject = FD8391D9281A123B00842A5D /* Project object */;
}
